
Microsoft Visual Studio Solution File, Format Version 12.00
# Visual Studio Version 17
VisualStudioVersion = 17.13.35919.96 d17.13
MinimumVisualStudioVersion = 10.0.40219.1
Project("{FAE04EC0-301F-11D3-BF4B-00C04F79EFBC}") = "MimoFunction", "MimoFunction.csproj", "{8671C608-6457-46BE-9B1C-6138A869A642}"
EndProject
Global
	GlobalSection(SolutionConfigurationPlatforms) = preSolution
		Debug|Any CPU = Debug|Any CPU
		Release|Any CPU = Release|Any CPU
	EndGlobalSection
	GlobalSection(ProjectConfigurationPlatforms) = postSolution
		{8671C608-6457-46BE-9B1C-6138A869A642}.Debug|Any CPU.ActiveCfg = Debug|Any CPU
		{8671C608-6457-46BE-9B1C-6138A869A642}.Debug|Any CPU.Build.0 = Debug|Any CPU
		{8671C608-6457-46BE-9B1C-6138A869A642}.Release|Any CPU.ActiveCfg = Release|Any CPU
		{8671C608-6457-46BE-9B1C-6138A869A642}.Release|Any CPU.Build.0 = Release|Any CPU
	EndGlobalSection
	GlobalSection(SolutionProperties) = preSolution
		HideSolutionNode = FALSE
	EndGlobalSection
	GlobalSection(ExtensibilityGlobals) = postSolution
		SolutionGuid = {92D0A843-A1E1-4B03-AFF0-8BFAFAA1FD75}
	EndGlobalSection
EndGlobal
